github.com/gopherjs/gopherjs v0.0.0-20210202160940-bed99a852dfe h1:rcf1P0fm+1l0EjG16p06mYLj9gW9X36KgdHJ/88hS4g=
github.com/gopherjs/gopherjs v0.0.0-20210202160940-bed99a852dfe/go.mod h1:wJfORRmW1u3UXTncJ5qlYoELFm8eSnnEO6hX4iZ3EWY=
github.com/lmika/shellwords v0.0.0-20140714114018-ce258dd729fe h1:1UXS/6OFkbi6JrihPykmYO1VtsABB02QQ+YmYYzTY18=
github.com/lmika/shellwords v0.0.0-20140714114018-ce258dd729fe/go.mod h1:qpdOkLougV5Yry4Px9f1w1pNMavcr6Z67VW5Ro+vW5I=
github.com/pkg/errors v0.9.1 h1:FEBLx1zS214owpjy7qsBeixbURkuhQAwrK5UwLGTwt4=
github.com/pkg/errors v0.9.1/go.mod h1:bwawxfHBFNV+L2hUp1rHADufV3IMtnDRdf1r5NINEl0=
github.com/spf13/pflag v1.0.5 h1:iy+VFUOCP1a+8yFto/drg2CJ5u0yRoB7fZw3DKv/JXA=
github.com/spf13/pflag v1.0.5/go.mod h1:McXfInJRrz4CZXVZOBLb0bTZqETkiAhM9Iw0y3An2Bg=
